
Microsoft Visual Studio Solution File, Format Version 12.00
# Visual Studio Version 17
VisualStudioVersion = 17.10.34928.147
MinimumVisualStudioVersion = 10.0.40219.1
Project("{FAE04EC0-301F-11D3-BF4B-00C04F79EFBC}") = "Enemy_Editor", "Enemy_Editor\Enemy_Editor.csproj", "{3957DCE8-7C5D-4A53-96EA-A9FB267D9726}"
EndProject
Global
	GlobalSection(SolutionConfigurationPlatforms) = preSolution
		Debug|Any CPU = Debug|Any CPU
		Release|Any CPU = Release|Any CPU
	EndGlobalSection
	GlobalSection(ProjectConfigurationPlatforms) = postSolution
		{3957DCE8-7C5D-4A53-96EA-A9FB267D9726}.Debug|Any CPU.ActiveCfg = Debug|Any CPU
		{3957DCE8-7C5D-4A53-96EA-A9FB267D9726}.Debug|Any CPU.Build.0 = Debug|Any CPU
		{3957DCE8-7C5D-4A53-96EA-A9FB267D9726}.Release|Any CPU.ActiveCfg = Release|Any CPU
		{3957DCE8-7C5D-4A53-96EA-A9FB267D9726}.Release|Any CPU.Build.0 = Release|Any CPU
	EndGlobalSection
	GlobalSection(SolutionProperties) = preSolution
		HideSolutionNode = FALSE
	EndGlobalSection
	GlobalSection(ExtensibilityGlobals) = postSolution
		SolutionGuid = {54642DDD-4CCD-4380-9C68-80E73EB1F561}
	EndGlobalSection
EndGlobal
